
Microsoft Visual Studio Solution File, Format Version 12.00
# Visual Studio Version 17
VisualStudioVersion = 17.8.34330.188
MinimumVisualStudioVersion = 10.0.40219.1
Project("{FAE04EC0-301F-11D3-BF4B-00C04F79EFBC}") = "Workaround", "Workaround\Workaround.csproj", "{5CE139AD-FB71-4761-B709-88367CCA4F8E}"
EndProject
Project("{FAE04EC0-301F-11D3-BF4B-00C04F79EFBC}") = "Entities", "Entities\Entities.csproj", "{B349BAE7-B936-4895-B889-211F008BCF6D}"
EndProject
Project("{FAE04EC0-301F-11D3-BF4B-00C04F79EFBC}") = "Buisness", "Buisness\Buisness.csproj", "{0DA7ECE0-9523-461A-880C-A9106B7B8768}"
EndProject
Global
	GlobalSection(SolutionConfigurationPlatforms) = preSolution
		Debug|Any CPU = Debug|Any CPU
		Release|Any CPU = Release|Any CPU
	EndGlobalSection
	GlobalSection(ProjectConfigurationPlatforms) = postSolution
		{5CE139AD-FB71-4761-B709-88367CCA4F8E}.Debug|Any CPU.ActiveCfg = Debug|Any CPU
		{5CE139AD-FB71-4761-B709-88367CCA4F8E}.Debug|Any CPU.Build.0 = Debug|Any CPU
		{5CE139AD-FB71-4761-B709-88367CCA4F8E}.Release|Any CPU.ActiveCfg = Release|Any CPU
		{5CE139AD-FB71-4761-B709-88367CCA4F8E}.Release|Any CPU.Build.0 = Release|Any CPU
		{B349BAE7-B936-4895-B889-211F008BCF6D}.Debug|Any CPU.ActiveCfg = Debug|Any CPU
		{B349BAE7-B936-4895-B889-211F008BCF6D}.Debug|Any CPU.Build.0 = Debug|Any CPU
		{B349BAE7-B936-4895-B889-211F008BCF6D}.Release|Any CPU.ActiveCfg = Release|Any CPU
		{B349BAE7-B936-4895-B889-211F008BCF6D}.Release|Any CPU.Build.0 = Release|Any CPU
		{0DA7ECE0-9523-461A-880C-A9106B7B8768}.Debug|Any CPU.ActiveCfg = Debug|Any CPU
		{0DA7ECE0-9523-461A-880C-A9106B7B8768}.Debug|Any CPU.Build.0 = Debug|Any CPU
		{0DA7ECE0-9523-461A-880C-A9106B7B8768}.Release|Any CPU.ActiveCfg = Release|Any CPU
		{0DA7ECE0-9523-461A-880C-A9106B7B8768}.Release|Any CPU.Build.0 = Release|Any CPU
	EndGlobalSection
	GlobalSection(SolutionProperties) = preSolution
		HideSolutionNode = FALSE
	EndGlobalSection
	GlobalSection(ExtensibilityGlobals) = postSolution
		SolutionGuid = {64C6859A-FB77-4903-A30C-04C8C3344961}
	EndGlobalSection
EndGlobal
